<?xml version="1.0" encoding="utf-8"?>
<Project ToolsVersion="4.0" xmlns="http://schemas.microsoft.com/developer/msbuild/2003">
  <ItemGroup>
    <Filter Include="源文件">
      <UniqueIdentifier>{4FC737F1-C7A5-4376-A066-2A32D752A2FF}</UniqueIdentifier>
      <Extensions>cpp;c;cc;cxx;c++;cppm;ixx;def;odl;idl;hpj;bat;asm;asmx</Extensions>
    </Filter>
    <Filter Include="头文件">
      <UniqueIdentifier>{93995380-89BD-4b04-88EB-625FBE52EBFB}</UniqueIdentifier>
      <Extensions>h;hh;hpp;hxx;h++;hm;inl;inc;ipp;xsd</Extensions>
    </Filter>
    <Filter Include="资源文件">
      <UniqueIdentifier>{67DA6AB6-F800-4c08-8B7A-83BB121AAD01}</UniqueIdentifier>
      <Extensions>rc;ico;cur;bmp;dlg;rc2;rct;bin;rgs;gif;jpg;jpeg;jpe;resx;tiff;tif;png;wav;mfcribbon-ms</Extensions>
    </Filter>
    <Filter Include="源文件\html">
      <UniqueIdentifier>{680012e0-6d3d-4008-99ee-338599c2fefb}</UniqueIdentifier>
    </Filter>
    <Filter Include="源文件\http server">
      <UniqueIdentifier>{eba2ae10-27ad-4ed4-a600-527ff69b68c5}</UniqueIdentifier>
    </Filter>
    <Filter Include="源文件\http server\server">
      <UniqueIdentifier>{b5912fd7-1a0f-4db1-8633-44b2ba34331b}</UniqueIdentifier>
    </Filter>
    <Filter Include="源文件\json">
      <UniqueIdentifier>{c0b67afb-85e7-4d3a-acd8-877548c2b169}</UniqueIdentifier>
    </Filter>
    <Filter Include="源文件\tool">
      <UniqueIdentifier>{c9c92d16-6528-49f0-9a0d-85e7dc3cbf8b}</UniqueIdentifier>
    </Filter>
    <Filter Include="源文件\tool\log">
      <UniqueIdentifier>{614d0e2e-9d1e-47c5-b1b6-4b28e95ac0c2}</UniqueIdentifier>
    </Filter>
    <Filter Include="源文件\data">
      <UniqueIdentifier>{1dac10a3-8f27-4bb0-899c-425d420096da}</UniqueIdentifier>
    </Filter>
  </ItemGroup>
  <ItemGroup>
    <ClInclude Include="include\config.h">
      <Filter>头文件</Filter>
    </ClInclude>
    <ClInclude Include="include\datamanage.h">
      <Filter>头文件</Filter>
    </ClInclude>
    <ClInclude Include="include\httplib.h">
      <Filter>头文件</Filter>
    </ClInclude>
    <ClInclude Include="include\log.h">
      <Filter>头文件</Filter>
    </ClInclude>
    <ClInclude Include="include\resource.h">
      <Filter>头文件</Filter>
    </ClInclude>
    <ClInclude Include="include\Server.h">
      <Filter>头文件</Filter>
    </ClInclude>
    <ClInclude Include="include\tool.h">
      <Filter>头文件</Filter>
    </ClInclude>
    <ClInclude Include="http server\server\chatroom.h">
      <Filter>源文件\http server\server</Filter>
    </ClInclude>
    <ClInclude Include="http server\server\roommanager.h">
      <Filter>源文件\http server\server</Filter>
    </ClInclude>
    <ClInclude Include="json\json.h">
      <Filter>源文件\json</Filter>
    </ClInclude>
    <ClInclude Include="json\json-forwards.h">
      <Filter>源文件\json</Filter>
    </ClInclude>
    <ClInclude Include="include\configLoader.h">
      <Filter>头文件</Filter>
    </ClInclude>
  </ItemGroup>
  <ItemGroup>
    <None Include="html\chatroom.js">
      <Filter>源文件\html</Filter>
    </None>
    <None Include="html\index.html">
      <Filter>源文件\html</Filter>
    </None>
    <None Include="html\login.html">
      <Filter>源文件\html</Filter>
    </None>
    <None Include="html\chatlist.html">
      <Filter>源文件\html</Filter>
    </None>
  </ItemGroup>
  <ItemGroup>
    <Image Include="html\logo.png">
      <Filter>源文件\html</Filter>
    </Image>
  </ItemGroup>
  <ItemGroup>
    <ClCompile Include="http server\ctrl.cpp">
      <Filter>源文件\http server</Filter>
    </ClCompile>
    <ClCompile Include="http server\server.cpp">
      <Filter>源文件\http server</Filter>
    </ClCompile>
    <ClCompile Include="http server\server\chatroom.cpp">
      <Filter>源文件\http server\server</Filter>
    </ClCompile>
    <ClCompile Include="http server\server\guide.cpp">
      <Filter>源文件\http server\server</Filter>
    </ClCompile>
    <ClCompile Include="http server\server\roommanager.cpp">
      <Filter>源文件\http server\server</Filter>
    </ClCompile>
    <ClCompile Include="tool\tool.cpp">
      <Filter>源文件\tool</Filter>
    </ClCompile>
    <ClCompile Include="tool\config\config.cpp">
      <Filter>源文件\tool</Filter>
    </ClCompile>
    <ClCompile Include="log\log.cpp">
      <Filter>源文件\tool\log</Filter>
    </ClCompile>
    <ClCompile Include="jsoncpp.cpp">
      <Filter>源文件</Filter>
    </ClCompile>
    <ClCompile Include="main.cpp">
      <Filter>源文件</Filter>
    </ClCompile>
    <ClCompile Include="data\datamanage.cpp">
      <Filter>源文件\data</Filter>
    </ClCompile>
    <ClCompile Include="src\configLoader.cpp">
      <Filter>源文件</Filter>
    </ClCompile>
  </ItemGroup>
  <ItemGroup>
    <Text Include="keyword.txt">
      <Filter>源文件</Filter>
    </Text>
  </ItemGroup>
</Project>